github.com/amonsat/fullname_parser v0.0.0-20180221140204-0879740fa92c h1:hC8gXSD4FP4LTmhg3DjtY09/QY4NiSPPW3L7m1K+how=
github.com/amonsat/fullname_parser v0.0.0-20180221140204-0879740fa92c/go.mod h1:GEudoaf7jDijGe+N9Pjmy3IVXBRA202FWKeldkfE7Pc=
github.com/davecgh/go-spew v1.1.1 h1:vj9j/u1bqnvCEfJOwUhtlOARqs3+rkHYY13jYWTU97c=
github.com/davecgh/go-spew v1.1.1/go.mod h1:J7Y8YcW2NihsgmVo/mv3lAwl/skON4iLHjSsI+c5H38=
github.com/djherbis/times v1.6.0 h1:w2ctJ92J8fBvWPxugmXIv7Nz7Q3iDMKNx9v5ocVH20c=
github.com/djherbis/times v1.6.0/go.mod h1:gOHeRAz2h+VJNZ5Gmc/o7iD9k4wW7NMVqieYCY99oc0=
github.com/gabriel-vasile/mimetype v1.4.15 h1:05iP/CYtZ/w455R/KZM6rZ5ieAdh99UPtd+d3YzLmaI=
github.com/gabriel-vasile/mimetype v1.4.15/go.mod h1:azpTcoLcDZRNgFou5j+APrqQx9HqVPWa6ijYQIIVswQ=
github.com/go-corelibs/chdirs v1.1.3 h1:hlpsQjlfQowwCt35ocoYpcigIdvw8KoUG1eI7yiHWC8=
github.com/go-corelibs/chdirs v1.1.3/go.mod h1:zSvkCkKNjM9F9ezn847s8n/2gtIEE1PJYtDR5SZK8Q4=
github.com/go-corelibs/maps v1.3.1 h1:b5JLUOG7tGgpbFJ4z4VBmf6v1X8djwOAZfYxkN5kfkg=
github.com/go-corelibs/maps v1.3.1/go.mod h1:OHkIAAzXlKwfIA6F8E/3WAlhOkUZvil+5WUq4ir5UyA=
github.com/go-corelibs/maths v1.2.2 h1:5UxwcTdWg4M8y865Gmk1Nq/ziXUjV7CsM/h5yaao8s4=
github.com/go-corelibs/maths v1.2.2/go.mod h1:E9B6hUc971rpcFG9+gTPV70oG1sO4Fw2ZehNxcM8x+g=
github.com/go-corelibs/path v1.4.4 h1:lmiCBKX/5FC0Mz0SRyY9v+FS6/0lLua9u+xSgV45g2M=
github.com/go-corelibs/path v1.4.4/go.mod h1:VTwLHxhg3JYD3kPOChPi4rFXwRF350Y4j7OWjiI18So=
github.com/go-corelibs/runes v1.1.1 h1:+15oun/Vi5yk2sk+Vk/xfc76yI8LKYKBEMbZhKxGvDU=
github.com/go-corelibs/runes v1.1.1/go.mod h1:4XVuP06iMvF8CuqoMFoglSHNZOM2C1DYDovB6WFuqbY=
github.com/go-corelibs/rxp v0.10.2 h1:WtOj2o4vCT+bckJ6Hrl0c7pc6rrOT1kH8Pbb9N+ncQc=
github.com/go-corelibs/rxp v0.10.2/go.mod h1:aY6002oTU2V+EOpaw0TKZGzYPPD5Y6v55+l1YQjbc3A=
github.com/go-corelibs/slices v1.6.3 h1:B8c5zbFMIjhX6ZpoWagPW5HrHyiix4h4nye/6oXuFX0=
github.com/go-corelibs/slices v1.6.3/go.mod h1:nbEeq3/sr3kJEZ6BVS72yG9PmibLSPYnmkysCY6MXkk=
github.com/go-corelibs/strings v1.9.2 h1:8d5tpYlAKVIxpkE/+BBH1ViAXTO1lFqLfWUB/JPee0c=
github.com/go-corelibs/strings v1.9.2/go.mod h1:CPtdnAhx86hYcvSNSaUXeXo/8IlsOm8UDbzX9nbMfII=
github.com/go-corelibs/values v1.2.2 h1:gbJ8QxF+2gMdmJkkOSt/hMnobxQ4wkHdG+PdaFD7Uos=
github.com/go-corelibs/values v1.2.2/go.mod h1:McRXDAGd7lcE1h4e/RgQgim8yzOGHQUA5fQV4wzvPhk=
github.com/go-corelibs/x-sync v0.1.2 h1:lRhvIuhxNA8Y1nXnLDm5dREV64yCW3w39G9X0jcNc58=
github.com/go-corelibs/x-sync v0.1.2/go.mod h1:8yKo+bIqfVQ5bJ1E4jn/KxlucmFUQekJy6ZYyY0AN7M=
github.com/go-corelibs/x-text v0.40.0 h1:n/GD0K0sR8lwN4yZpjTTtjvwnn+zHG2YLngrDmlYm9Q=
github.com/go-corelibs/x-text v0.40.0/go.mod h1:IVkwiGCEQxYrzzo56ai+LlJ/G2UN3LzvZkGAIj0LK58=
github.com/gohobby/assert v0.0.0-20211104143739-08694b1ea893 h1:wFd4Td0Bky4UbXOtyMu2QpYVjRQ+GHr34Z95ED7NtcI=
github.com/gohobby/assert v0.0.0-20211104143739-08694b1ea893/go.mod h1:3j4Mu+o1MgUrSlyEI5IHzBEzmz5nngurQmAf80ePv6Y=
github.com/gohobby/deepcopy v1.0.2 h1:mLYy/jucqPo0plf5/C3Dto8aGOaeDBjBdT+Bc2kRiQs=
github.com/gohobby/deepcopy v1.0.2/go.mod h1:kabfMSIWbn2w+Kx3L4BF25yqmN8rjHeyY9SCDTylyFQ=
github.com/gookit/goutil v0.8.0 h1:efZWxfesXw8+5tQfTfRMSIC6A0ax527/H+A/aIiaSrw=
github.com/gookit/goutil v0.8.0/go.mod h1:vJS9HXctYTCLtCsZot5L5xF+O1oR17cDYO9R0HxBmnU=
github.com/gopherjs/gopherjs v1.17.2 h1:fQnZVsXk8uxXIStYb0N4bGk7jeyTalG/wsZjQ25dO0g=
github.com/gopherjs/gopherjs v1.17.2/go.mod h1:pRRIvn/QzFLrKfvEz3qUuEhtE/zLCWfreZ6J5gM2i+k=
github.com/iancoleman/strcase v0.3.0 h1:nTXanmYxhfFAMjZL34Ov6gkzEsSJZ5DbhxWjvSASxEI=
github.com/iancoleman/strcase v0.3.0/go.mod h1:iwCmte+B7n89clKwxIoIXy/HfoL7AsD47ZCWhYzw7ho=
github.com/jtolds/gls v4.20.0+incompatible h1:xdiiI2gbIgH/gLH7ADydsJ1uDOEzR8yvV7C0MuV77Wo=
github.com/jtolds/gls v4.20.0+incompatible/go.mod h1:QJZ7F/aHp+rZTRtaJ1ow/lLfFfVYBRgL+9YlvaHOwJU=
github.com/maruel/natural v1.3.0 h1:VsmCsBmEyrR46RomtgHs5hbKADGRVtliHTyCOLFBpsg=
github.com/maruel/natural v1.3.0/go.mod h1:v+Rfd79xlw1AgVBjbO0BEQmptqb5HvL/k9GRHB7ZKEg=
github.com/pmezard/go-difflib v1.0.0 h1:4DBwDE0NGyQoBHbLQYPwSUPoCMWR5BEzIk/f1lZbAQM=
github.com/pmezard/go-difflib v1.0.0/go.mod h1:iKH77koFhYxTK1pcRnkKkqfTogsbg7gZNVY4sRDYZ/4=
github.com/sirupsen/logrus v1.8.1 h1:dJKuHgqk1NNQlqoA6BTlM1Wf9DOH3NBjQyu0h9+AZZE=
github.com/sirupsen/logrus v1.8.1/go.mod h1:yWOB1SBYBC5VeMP7gHvWumXLIWorT60ONWic61uBYv0=
github.com/smarty/assertions v1.15.0 h1:cR//PqUBUiQRakZWqBiFFQ9wb8emQGDb0HeGdqGByCY=
github.com/smarty/assertions v1.15.0/go.mod h1:yABtdzeQs6l1brC900WlRNwj6ZR55d7B+E8C6HtKdec=
github.com/smartystreets/goconvey v1.8.1 h1:qGjIddxOk4grTu9JPOU31tVfq3cNdBlNa5sSznIX1xY=
github.com/smartystreets/goconvey v1.8.1/go.mod h1:+/u4qLyY6x1jReYOp7GOM2FSt8aP9CzCZL03bI28W60=
github.com/stretchr/testify v1.2.2/go.mod h1:a8OnRcib4nhh0OaRAV+Yts87kKdq0PP7pXfy6kDkUVs=
github.com/stretchr/testify v1.8.4 h1:CcVxjf3Q8PM0mHUKJCdn+eZZtm5yQwehR5yeSVQQcUk=
github.com/stretchr/testify v1.8.4/go.mod h1:sz/lmYIOXD/1dqDmKjjqLyZ2RngseejIcXlSw2iwfAo=
github.com/weppos/publicsuffix-go v0.50.3 h1:eT5dcjHQcVDNc0igpFEsGHKIip30feuB2zuuI9eJxiE=
github.com/weppos/publicsuffix-go v0.50.3/go.mod h1:/rOa781xBykZhHK/I3QeHo92qdDKVmKZKF7s8qAEM/4=
golang.org/x/net v0.50.0 h1:ucWh9eiCGyDR3vtzso0WMQinm2Dnt8cFMuQa9K33J60=
golang.org/x/net v0.50.0/go.mod h1:UgoSli3F/pBgdJBHCTc+tp3gmrU4XswgGRgtnwWTfyM=
golang.org/x/sys v0.0.0-20191026070338-33540a1f6037/go.mod h1:h1NjWce9XRLGQEsW7wpKNCjG9DtNlClVuFLEZdDNbEs=
golang.org/x/sys v0.0.0-20220615213510-4f61da869c0c/go.mod h1:oPkhp1MJrh7nUepCBck5+mAzfO9JrbApNNgaTdGDITg=
golang.org/x/sys v0.41.0 h1:Ivj+2Cp/ylzLiEU89QhWblYnOE9zerudt9Ftecq2C6k=
golang.org/x/sys v0.41.0/go.mod h1:OgkHotnGiDImocRcuBABYBEXf8A9a87e/uXjp9XT3ks=
golang.org/x/term v0.40.0 h1:36e4zGLqU4yhjlmxEaagx2KuYbJq3EwY8K943ZsHcvg=
golang.org/x/term v0.40.0/go.mod h1:w2P8uVp06p2iyKKuvXIm7N/y0UCRt3UfJTfZ7oOpglM=
golang.org/x/text v0.34.0 h1:oL/Qq0Kdaqxa1KbNeMKwQq0reLCCaFtqu2eNuSeNHbk=
golang.org/x/text v0.34.0/go.mod h1:homfLqTYRFyVYemLBFl5GgL/DWEiH5wcsQ5gSh1yziA=
gopkg.in/yaml.v3 v3.0.1 h1:fxVm/GzAzEWqLHuvctI91KS9hhNmmWOoWu0XTYJS7CA=
gopkg.in/yaml.v3 v3.0.1/go.mod h1:K4uyk7z7BCEPqu6E+C64Yfv1cQ7kz7rIZviUmN+EgEM=
